
Microsoft Visual Studio Solution File, Format Version 12.00
# Visual Studio Version 17
VisualStudioVersion = 17.0.32112.339
MinimumVisualStudioVersion = 10.0.40219.1
Project("{FAE04EC0-301F-11D3-BF4B-00C04F79EFBC}") = "Diversify", "Diversify\Diversify.csproj", "{24CC068E-E3A4-420E-A27F-1CFFFDF92275}"
EndProject
Global
	GlobalSection(SolutionConfigurationPlatforms) = preSolution
		Debug|Any CPU = Debug|Any CPU
		Release|Any CPU = Release|Any CPU
	EndGlobalSection
	GlobalSection(ProjectConfigurationPlatforms) = postSolution
		{24CC068E-E3A4-420E-A27F-1CFFFDF92275}.Debug|Any CPU.ActiveCfg = Debug|Any CPU
		{24CC068E-E3A4-420E-A27F-1CFFFDF92275}.Debug|Any CPU.Build.0 = Debug|Any CPU
		{24CC068E-E3A4-420E-A27F-1CFFFDF92275}.Release|Any CPU.ActiveCfg = Release|Any CPU
		{24CC068E-E3A4-420E-A27F-1CFFFDF92275}.Release|Any CPU.Build.0 = Release|Any CPU
	EndGlobalSection
	GlobalSection(SolutionProperties) = preSolution
		HideSolutionNode = FALSE
	EndGlobalSection
	GlobalSection(ExtensibilityGlobals) = postSolution
		SolutionGuid = {FE50E767-7023-4C5E-9438-83197679E485}
	EndGlobalSection
EndGlobal
